
Microsoft Visual Studio Solution File, Format Version 12.00
Project("{FAE04EC0-301F-11D3-BF4B-00C04F79EFBC}") = "Animals_DB", "Animals_DB\Animals_DB.csproj", "{7D529E4C-9F57-4992-8856-A1DA92089754}"
EndProject
Global
	GlobalSection(SolutionConfigurationPlatforms) = preSolution
		Debug|Any CPU = Debug|Any CPU
		Release|Any CPU = Release|Any CPU
	EndGlobalSection
	GlobalSection(ProjectConfigurationPlatforms) = postSolution
		{7D529E4C-9F57-4992-8856-A1DA92089754}.Debug|Any CPU.ActiveCfg = Debug|Any CPU
		{7D529E4C-9F57-4992-8856-A1DA92089754}.Debug|Any CPU.Build.0 = Debug|Any CPU
		{7D529E4C-9F57-4992-8856-A1DA92089754}.Release|Any CPU.ActiveCfg = Release|Any CPU
		{7D529E4C-9F57-4992-8856-A1DA92089754}.Release|Any CPU.Build.0 = Release|Any CPU
	EndGlobalSection
EndGlobal
